<?xml version="1.0" encoding="utf-8"?>
<Project ToolsVersion="4.0" xmlns="http://schemas.microsoft.com/developer/msbuild/2003">
  <ItemGroup>
    <Filter Include="Resource Files">
      <UniqueIdentifier>{67DA6AB6-F800-4c08-8B7A-83BB121AAD01}</UniqueIdentifier>
      <Extensions>rc;ico;cur;bmp;dlg;rc2;rct;bin;rgs;gif;jpg;jpeg;jpe;resx;tiff;tif;png;wav;mfcribbon-ms</Extensions>
    </Filter>
    <Filter Include="Api">
      <UniqueIdentifier>{93995380-89BD-4b04-88EB-625FBE52EBFB}</UniqueIdentifier>
      <Extensions>h;hh;hpp;hxx;h++;hm;inl;inc;ipp;xsd</Extensions>
    </Filter>
    <Filter Include="Sources">
      <UniqueIdentifier>{4FC737F1-C7A5-4376-A066-2A32D752A2FF}</UniqueIdentifier>
      <Extensions>cpp;c;cc;cxx;c++;cppm;ixx;def;odl;idl;hpj;bat;asm;asmx</Extensions>
    </Filter>
    <Filter Include="Headers">
      <UniqueIdentifier>{65cf552d-849a-48c6-8b3c-b294df2ab35d}</UniqueIdentifier>
    </Filter>
  </ItemGroup>
  <ItemGroup>
    <ClInclude Include="hello-world.h">
      <Filter>Api</Filter>
    </ClInclude>
    <ClInclude Include="framework.h" />
    <ClInclude Include="config.h">
      <Filter>Api</Filter>
    </ClInclude>
    <ClInclude Include="banking-api.h">
      <Filter>Api</Filter>
    </ClInclude>
    <ClInclude Include="Banking.h">
      <Filter>Headers</Filter>
    </ClInclude>
    <ClInclude Include="BankAccount.h">
      <Filter>Headers</Filter>
    </ClInclude>
    <ClInclude Include="BankCommand.h">
      <Filter>Headers</Filter>
    </ClInclude>
    <ClInclude Include="BankCommandOpen.h">
      <Filter>Headers</Filter>
    </ClInclude>
  </ItemGroup>
  <ItemGroup>
    <ClCompile Include="dllmain.cpp">
      <Filter>Sources</Filter>
    </ClCompile>
    <ClCompile Include="hello-world.cpp">
      <Filter>Sources</Filter>
    </ClCompile>
    <ClCompile Include="banking-api.cpp">
      <Filter>Sources</Filter>
    </ClCompile>
    <ClCompile Include="Banking.cpp">
      <Filter>Sources</Filter>
    </ClCompile>
    <ClCompile Include="BankAccount.cpp">
      <Filter>Sources</Filter>
    </ClCompile>
    <ClCompile Include="BankCommand.cpp">
      <Filter>Sources</Filter>
    </ClCompile>
    <ClCompile Include="BankCommandOpen.cpp">
      <Filter>Sources</Filter>
    </ClCompile>
  </ItemGroup>
</Project>