<?xml version="1.0" encoding="utf-8"?>
<Project ToolsVersion="4.0" xmlns="http://schemas.microsoft.com/developer/msbuild/2003">
  <ItemGroup>
    <Filter Include="Resource Files">
      <UniqueIdentifier>{67DA6AB6-F800-4c08-8B7A-83BB121AAD01}</UniqueIdentifier>
      <Extensions>rc;ico;cur;bmp;dlg;rc2;rct;bin;rgs;gif;jpg;jpeg;jpe;resx;tiff;tif;png;wav;mfcribbon-ms</Extensions>
    </Filter>
    <Filter Include="Api">
      <UniqueIdentifier>{93995380-89BD-4b04-88EB-625FBE52EBFB}</UniqueIdentifier>
      <Extensions>h;hh;hpp;hxx;h++;hm;inl;inc;ipp;xsd</Extensions>
    </Filter>
    <Filter Include="Sources">
      <UniqueIdentifier>{4FC737F1-C7A5-4376-A066-2A32D752A2FF}</UniqueIdentifier>
      <Extensions>cpp;c;cc;cxx;c++;cppm;ixx;def;odl;idl;hpj;bat;asm;asmx</Extensions>
    </Filter>
    <Filter Include="Headers">
      <UniqueIdentifier>{65cf552d-849a-48c6-8b3c-b294df2ab35d}</UniqueIdentifier>
    </Filter>
    <Filter Include="Sources\Commands">
      <UniqueIdentifier>{cf0b75a1-0b5b-401d-9c7f-ed9fde546478}</UniqueIdentifier>
    </Filter>
    <Filter Include="Sources\Events">
      <UniqueIdentifier>{62e396f5-5428-4db7-a4ba-57687a625cb8}</UniqueIdentifier>
    </Filter>
    <Filter Include="Headers\Commands">
      <UniqueIdentifier>{9ba5136c-66b6-4d55-807e-c29fb19c2440}</UniqueIdentifier>
    </Filter>
    <Filter Include="Headers\Events">
      <UniqueIdentifier>{e4914a9f-5029-4c05-a459-53319f650e7c}</UniqueIdentifier>
    </Filter>
  </ItemGroup>
  <ItemGroup>
    <ClInclude Include="hello-world.h">
      <Filter>Api</Filter>
    </ClInclude>
    <ClInclude Include="framework.h" />
    <ClInclude Include="config.h">
      <Filter>Api</Filter>
    </ClInclude>
    <ClInclude Include="banking-api.h">
      <Filter>Api</Filter>
    </ClInclude>
    <ClInclude Include="Banking.h">
      <Filter>Headers</Filter>
    </ClInclude>
    <ClInclude Include="BankCommand.h">
      <Filter>Headers</Filter>
    </ClInclude>
    <ClInclude Include="BankData.h">
      <Filter>Headers</Filter>
    </ClInclude>
    <ClInclude Include="BankEvent.h">
      <Filter>Headers</Filter>
    </ClInclude>
    <ClInclude Include="BankingTypes.h">
      <Filter>Headers</Filter>
    </ClInclude>
    <ClInclude Include="Commands\BankCommandActivate.h">
      <Filter>Headers\Commands</Filter>
    </ClInclude>
    <ClInclude Include="Commands\BankCommandClose.h">
      <Filter>Headers\Commands</Filter>
    </ClInclude>
    <ClInclude Include="Commands\BankCommandDeposit.h">
      <Filter>Headers\Commands</Filter>
    </ClInclude>
    <ClInclude Include="Commands\BankCommandOpen.h">
      <Filter>Headers\Commands</Filter>
    </ClInclude>
    <ClInclude Include="Events\BankEventActivate.h">
      <Filter>Headers\Events</Filter>
    </ClInclude>
    <ClInclude Include="Events\BankEventClose.h">
      <Filter>Headers\Events</Filter>
    </ClInclude>
    <ClInclude Include="Events\BankEventDeposit.h">
      <Filter>Headers\Events</Filter>
    </ClInclude>
    <ClInclude Include="Events\BankEventOpen.h">
      <Filter>Headers\Events</Filter>
    </ClInclude>
    <ClInclude Include="Commands\BankCommandWithdraw.h">
      <Filter>Headers\Commands</Filter>
    </ClInclude>
    <ClInclude Include="Events\BankEventWithdraw.h">
      <Filter>Headers\Events</Filter>
    </ClInclude>
    <ClInclude Include="Commands\BankCommandBalance.h">
      <Filter>Headers\Commands</Filter>
    </ClInclude>
    <ClInclude Include="Events\BankEventBalance.h">
      <Filter>Headers\Events</Filter>
    </ClInclude>
    <ClInclude Include="Commands\BankCommandTransactions.h">
      <Filter>Headers\Commands</Filter>
    </ClInclude>
    <ClInclude Include="Events\BankEventTransactions.h">
      <Filter>Headers\Events</Filter>
    </ClInclude>
  </ItemGroup>
  <ItemGroup>
    <ClCompile Include="dllmain.cpp">
      <Filter>Sources</Filter>
    </ClCompile>
    <ClCompile Include="hello-world.cpp">
      <Filter>Sources</Filter>
    </ClCompile>
    <ClCompile Include="banking-api.cpp">
      <Filter>Sources</Filter>
    </ClCompile>
    <ClCompile Include="Banking.cpp">
      <Filter>Sources</Filter>
    </ClCompile>
    <ClCompile Include="BankData.cpp">
      <Filter>Sources</Filter>
    </ClCompile>
    <ClCompile Include="BankEvent.cpp">
      <Filter>Sources</Filter>
    </ClCompile>
    <ClCompile Include="Commands\BankCommandActivate.cpp">
      <Filter>Sources\Commands</Filter>
    </ClCompile>
    <ClCompile Include="Commands\BankCommandClose.cpp">
      <Filter>Sources\Commands</Filter>
    </ClCompile>
    <ClCompile Include="Commands\BankCommandDeposit.cpp">
      <Filter>Sources\Commands</Filter>
    </ClCompile>
    <ClCompile Include="Commands\BankCommandOpen.cpp">
      <Filter>Sources\Commands</Filter>
    </ClCompile>
    <ClCompile Include="BankCommand.cpp">
      <Filter>Sources</Filter>
    </ClCompile>
    <ClCompile Include="Events\BankEventActivate.cpp">
      <Filter>Sources\Events</Filter>
    </ClCompile>
    <ClCompile Include="Events\BankEventClose.cpp">
      <Filter>Sources\Events</Filter>
    </ClCompile>
    <ClCompile Include="Events\BankEventDeposit.cpp">
      <Filter>Sources\Events</Filter>
    </ClCompile>
    <ClCompile Include="Events\BankEventOpen.cpp">
      <Filter>Sources\Events</Filter>
    </ClCompile>
    <ClCompile Include="Commands\BankCommandBalance.cpp">
      <Filter>Sources\Commands</Filter>
    </ClCompile>
    <ClCompile Include="Commands\BankCommandWithdraw.cpp">
      <Filter>Sources\Commands</Filter>
    </ClCompile>
    <ClCompile Include="Events\BankEventBalance.cpp">
      <Filter>Sources\Events</Filter>
    </ClCompile>
    <ClCompile Include="Events\BankEventWithdraw.cpp">
      <Filter>Sources\Events</Filter>
    </ClCompile>
    <ClCompile Include="Commands\BankCommandTransactions.cpp">
      <Filter>Sources\Commands</Filter>
    </ClCompile>
    <ClCompile Include="Events\BankEventTransactions.cpp">
      <Filter>Sources\Events</Filter>
    </ClCompile>
  </ItemGroup>
</Project>